
Microsoft Visual Studio Solution File, Format Version 12.00
# Visual Studio Version 16
VisualStudioVersion = 16.0.30709.132
MinimumVisualStudioVersion = 10.0.40219.1
Project("{9A19103F-16F7-4668-BE54-9A1E7A4F7556}") = "WebApi", "WebApi.csproj", "{CFF2220A-3A4B-407A-9356-12FC90D7E0F6}"
EndProject
Project("{9A19103F-16F7-4668-BE54-9A1E7A4F7556}") = "WebApi.EntityFramework", "..\WebApi.EntityFramework\WebApi.EntityFramework.csproj", "{32FF61CB-4E7E-4B31-85B3-CB8A9AEF1887}"
EndProject
Project("{9A19103F-16F7-4668-BE54-9A1E7A4F7556}") = "WebApi.Core", "..\WebApi.Core\WebApi.Core.csproj", "{2674A47C-D081-443B-B8CD-BF69E7F483BD}"
EndProject
Project("{9A19103F-16F7-4668-BE54-9A1E7A4F7556}") = "WebApi.Application", "..\WebApi.Application\WebApi.Application.csproj", "{23917C6F-27BA-4653-82DF-08E01A59FD36}"
EndProject
Project("{9A19103F-16F7-4668-BE54-9A1E7A4F7556}") = "WebApi.IApplication", "..\WebApi.IApplication\WebApi.IApplication.csproj", "{2A31030E-773B-4B68-BF95-624B19A31196}"
EndProject
Project("{9A19103F-16F7-4668-BE54-9A1E7A4F7556}") = "WebApi.Common", "..\WebApi.Common\WebApi.Common.csproj", "{8F3A1948-6E6F-4C8F-8A10-E71E9D4401BC}"
EndProject
Project("{2150E333-8FDC-42A3-9474-1A3956D46DE8}") = "BackEnd", "BackEnd", "{C50AC5B8-048C-4738-8FB0-33796460DBD0}"
EndProject
Project("{2150E333-8FDC-42A3-9474-1A3956D46DE8}") = "FontEnd", "FontEnd", "{434B34F5-6280-4E52-8859-85A1B85DB553}"
EndProject
Project("{9A19103F-16F7-4668-BE54-9A1E7A4F7556}") = "WebApi.Vue", "..\WebApi.Vue\WebApi.Vue.csproj", "{29A55ABC-527C-477C-86D1-C101C40C87E1}"
EndProject
Project("{9A19103F-16F7-4668-BE54-9A1E7A4F7556}") = "WebApi.Repository", "..\WebApi.Repository\WebApi.Repository.csproj", "{85DDABC8-9A3B-458A-B00F-A4F43D255B85}"
EndProject
Project("{2150E333-8FDC-42A3-9474-1A3956D46DE8}") = "Test", "Test", "{5D35131E-ECFA-42BA-A154-2FD4CF41612F}"
EndProject
Project("{FAE04EC0-301F-11D3-BF4B-00C04F79EFBC}") = "WebApi.Test", "..\WebApi.Test\WebApi.Test.csproj", "{B757D982-E302-463F-9292-A7FCC9B492CC}"
EndProject
Global
	GlobalSection(SolutionConfigurationPlatforms) = preSolution
		Debug|Any CPU = Debug|Any CPU
		Release|Any CPU = Release|Any CPU
	EndGlobalSection
	GlobalSection(ProjectConfigurationPlatforms) = postSolution
		{CFF2220A-3A4B-407A-9356-12FC90D7E0F6}.Debug|Any CPU.ActiveCfg = Debug|Any CPU
		{CFF2220A-3A4B-407A-9356-12FC90D7E0F6}.Debug|Any CPU.Build.0 = Debug|Any CPU
		{CFF2220A-3A4B-407A-9356-12FC90D7E0F6}.Release|Any CPU.ActiveCfg = Release|Any CPU
		{CFF2220A-3A4B-407A-9356-12FC90D7E0F6}.Release|Any CPU.Build.0 = Release|Any CPU
		{32FF61CB-4E7E-4B31-85B3-CB8A9AEF1887}.Debug|Any CPU.ActiveCfg = Debug|Any CPU
		{32FF61CB-4E7E-4B31-85B3-CB8A9AEF1887}.Debug|Any CPU.Build.0 = Debug|Any CPU
		{32FF61CB-4E7E-4B31-85B3-CB8A9AEF1887}.Release|Any CPU.ActiveCfg = Release|Any CPU
		{32FF61CB-4E7E-4B31-85B3-CB8A9AEF1887}.Release|Any CPU.Build.0 = Release|Any CPU
		{2674A47C-D081-443B-B8CD-BF69E7F483BD}.Debug|Any CPU.ActiveCfg = Debug|Any CPU
		{2674A47C-D081-443B-B8CD-BF69E7F483BD}.Debug|Any CPU.Build.0 = Debug|Any CPU
		{2674A47C-D081-443B-B8CD-BF69E7F483BD}.Release|Any CPU.ActiveCfg = Release|Any CPU
		{2674A47C-D081-443B-B8CD-BF69E7F483BD}.Release|Any CPU.Build.0 = Release|Any CPU
		{23917C6F-27BA-4653-82DF-08E01A59FD36}.Debug|Any CPU.ActiveCfg = Debug|Any CPU
		{23917C6F-27BA-4653-82DF-08E01A59FD36}.Debug|Any CPU.Build.0 = Debug|Any CPU
		{23917C6F-27BA-4653-82DF-08E01A59FD36}.Release|Any CPU.ActiveCfg = Release|Any CPU
		{23917C6F-27BA-4653-82DF-08E01A59FD36}.Release|Any CPU.Build.0 = Release|Any CPU
		{2A31030E-773B-4B68-BF95-624B19A31196}.Debug|Any CPU.ActiveCfg = Debug|Any CPU
		{2A31030E-773B-4B68-BF95-624B19A31196}.Debug|Any CPU.Build.0 = Debug|Any CPU
		{2A31030E-773B-4B68-BF95-624B19A31196}.Release|Any CPU.ActiveCfg = Release|Any CPU
		{2A31030E-773B-4B68-BF95-624B19A31196}.Release|Any CPU.Build.0 = Release|Any CPU
		{8F3A1948-6E6F-4C8F-8A10-E71E9D4401BC}.Debug|Any CPU.ActiveCfg = Debug|Any CPU
		{8F3A1948-6E6F-4C8F-8A10-E71E9D4401BC}.Debug|Any CPU.Build.0 = Debug|Any CPU
		{8F3A1948-6E6F-4C8F-8A10-E71E9D4401BC}.Release|Any CPU.ActiveCfg = Release|Any CPU
		{8F3A1948-6E6F-4C8F-8A10-E71E9D4401BC}.Release|Any CPU.Build.0 = Release|Any CPU
		{29A55ABC-527C-477C-86D1-C101C40C87E1}.Debug|Any CPU.ActiveCfg = Debug|Any CPU
		{29A55ABC-527C-477C-86D1-C101C40C87E1}.Debug|Any CPU.Build.0 = Debug|Any CPU
		{29A55ABC-527C-477C-86D1-C101C40C87E1}.Release|Any CPU.ActiveCfg = Release|Any CPU
		{29A55ABC-527C-477C-86D1-C101C40C87E1}.Release|Any CPU.Build.0 = Release|Any CPU
		{85DDABC8-9A3B-458A-B00F-A4F43D255B85}.Debug|Any CPU.ActiveCfg = Debug|Any CPU
		{85DDABC8-9A3B-458A-B00F-A4F43D255B85}.Debug|Any CPU.Build.0 = Debug|Any CPU
		{85DDABC8-9A3B-458A-B00F-A4F43D255B85}.Release|Any CPU.ActiveCfg = Release|Any CPU
		{85DDABC8-9A3B-458A-B00F-A4F43D255B85}.Release|Any CPU.Build.0 = Release|Any CPU
		{B757D982-E302-463F-9292-A7FCC9B492CC}.Debug|Any CPU.ActiveCfg = Debug|Any CPU
		{B757D982-E302-463F-9292-A7FCC9B492CC}.Debug|Any CPU.Build.0 = Debug|Any CPU
		{B757D982-E302-463F-9292-A7FCC9B492CC}.Release|Any CPU.ActiveCfg = Release|Any CPU
		{B757D982-E302-463F-9292-A7FCC9B492CC}.Release|Any CPU.Build.0 = Release|Any CPU
	EndGlobalSection
	GlobalSection(SolutionProperties) = preSolution
		HideSolutionNode = FALSE
	EndGlobalSection
	GlobalSection(NestedProjects) = preSolution
		{CFF2220A-3A4B-407A-9356-12FC90D7E0F6} = {C50AC5B8-048C-4738-8FB0-33796460DBD0}
		{32FF61CB-4E7E-4B31-85B3-CB8A9AEF1887} = {C50AC5B8-048C-4738-8FB0-33796460DBD0}
		{2674A47C-D081-443B-B8CD-BF69E7F483BD} = {C50AC5B8-048C-4738-8FB0-33796460DBD0}
		{23917C6F-27BA-4653-82DF-08E01A59FD36} = {C50AC5B8-048C-4738-8FB0-33796460DBD0}
		{2A31030E-773B-4B68-BF95-624B19A31196} = {C50AC5B8-048C-4738-8FB0-33796460DBD0}
		{8F3A1948-6E6F-4C8F-8A10-E71E9D4401BC} = {C50AC5B8-048C-4738-8FB0-33796460DBD0}
		{29A55ABC-527C-477C-86D1-C101C40C87E1} = {434B34F5-6280-4E52-8859-85A1B85DB553}
		{85DDABC8-9A3B-458A-B00F-A4F43D255B85} = {C50AC5B8-048C-4738-8FB0-33796460DBD0}
		{5D35131E-ECFA-42BA-A154-2FD4CF41612F} = {C50AC5B8-048C-4738-8FB0-33796460DBD0}
		{B757D982-E302-463F-9292-A7FCC9B492CC} = {5D35131E-ECFA-42BA-A154-2FD4CF41612F}
	EndGlobalSection
	GlobalSection(ExtensibilityGlobals) = postSolution
		SolutionGuid = {D075D932-0A51-4668-8181-F3799C1F819C}
	EndGlobalSection
EndGlobal
